
Microsoft Visual Studio Solution File, Format Version 12.00
# Visual Studio Version 17
VisualStudioVersion = 17.3.32819.101
MinimumVisualStudioVersion = 10.0.40219.1
Project("{9A19103F-16F7-4668-BE54-9A1E7A4F7556}") = "Coworkee", "Coworkee\Coworkee.csproj", "{A916A4D4-F442-4D0A-BCE2-60A524D854B3}"
EndProject
Project("{FAE04EC0-301F-11D3-BF4B-00C04F79EFBC}") = "Infrastructure", "Infrastructure\Infrastructure.csproj", "{C4FF05D6-6336-402D-AB20-E73578ABE6DD}"
EndProject
Global
	GlobalSection(SolutionConfigurationPlatforms) = preSolution
		Debug|Any CPU = Debug|Any CPU
		Release|Any CPU = Release|Any CPU
	EndGlobalSection
	GlobalSection(ProjectConfigurationPlatforms) = postSolution
		{A916A4D4-F442-4D0A-BCE2-60A524D854B3}.Debug|Any CPU.ActiveCfg = Debug|Any CPU
		{A916A4D4-F442-4D0A-BCE2-60A524D854B3}.Debug|Any CPU.Build.0 = Debug|Any CPU
		{A916A4D4-F442-4D0A-BCE2-60A524D854B3}.Release|Any CPU.ActiveCfg = Release|Any CPU
		{A916A4D4-F442-4D0A-BCE2-60A524D854B3}.Release|Any CPU.Build.0 = Release|Any CPU
		{C4FF05D6-6336-402D-AB20-E73578ABE6DD}.Debug|Any CPU.ActiveCfg = Debug|Any CPU
		{C4FF05D6-6336-402D-AB20-E73578ABE6DD}.Debug|Any CPU.Build.0 = Debug|Any CPU
		{C4FF05D6-6336-402D-AB20-E73578ABE6DD}.Release|Any CPU.ActiveCfg = Release|Any CPU
		{C4FF05D6-6336-402D-AB20-E73578ABE6DD}.Release|Any CPU.Build.0 = Release|Any CPU
	EndGlobalSection
	GlobalSection(SolutionProperties) = preSolution
		HideSolutionNode = FALSE
	EndGlobalSection
	GlobalSection(ExtensibilityGlobals) = postSolution
		SolutionGuid = {8BC46591-7933-4DAD-B040-D317F562C135}
	EndGlobalSection
EndGlobal
